// !$*UTF8*$!
{
	archiveVersion = 1;
	classes = {
	};
	objectVersion = 55;
	objects = {

/* Begin PBXBuildFile section */
		876D0DD5296FB446008DCB09 /* DisplayPhoneCellView.swift in Sources */ = {isa = PBXBuildFile; fileRef = 876D0DD4296FB446008DCB09 /* DisplayPhoneCellView.swift */; };
		876D0DD8296FC851008DCB09 /* CoreDataManager.swift in Sources */ = {isa = PBXBuildFile; fileRef = 876D0DD7296FC851008DCB09 /* CoreDataManager.swift */; };
		876D0DDC296FC909008DCB09 /* FloatStorage.xcdatamodeld in Sources */ = {isa = PBXBuildFile; fileRef = 876D0DDA296FC909008DCB09 /* FloatStorage.xcdatamodeld */; };
		876D0DDF296FD519008DCB09 /* ListView.swift in Sources */ = {isa = PBXBuildFile; fileRef = 876D0DDE296FD519008DCB09 /* ListView.swift */; };
		87735EB228ADEE2300B06250 /* CoinsSectionView.swift in Sources */ = {isa = PBXBuildFile; fileRef = 87735EB128ADEE2300B06250 /* CoinsSectionView.swift */; };
		87735EB528ADEE7800B06250 /* BillsSectionView.swift in Sources */ = {isa = PBXBuildFile; fileRef = 87735EB428ADEE7700B06250 /* BillsSectionView.swift */; };
		87735EB828ADEE8100B06250 /* RollsSectionView.swift in Sources */ = {isa = PBXBuildFile; fileRef = 87735EB728ADEE8100B06250 /* RollsSectionView.swift */; };
		87754ECA296BDD1100B8B5FD /* Extensions.swift in Sources */ = {isa = PBXBuildFile; fileRef = 87754EC9296BDD1100B8B5FD /* Extensions.swift */; };
		87754ECD296BE24F00B8B5FD /* CashModel.swift in Sources */ = {isa = PBXBuildFile; fileRef = 87754ECC296BE24F00B8B5FD /* CashModel.swift */; };
		879492B328AC993900C6B1A0 /* FloatCreatorApp.swift in Sources */ = {isa = PBXBuildFile; fileRef = 879492A328AC993700C6B1A0 /* FloatCreatorApp.swift */; };
		879492B528AC993900C6B1A0 /* ContentView.swift in Sources */ = {isa = PBXBuildFile; fileRef = 879492A428AC993700C6B1A0 /* ContentView.swift */; };
		879492B728AC993900C6B1A0 /* Assets.xcassets in Resources */ = {isa = PBXBuildFile; fileRef = 879492A528AC993900C6B1A0 /* Assets.xcassets */; };
		879492C528ACADEC00C6B1A0 /* PhoneSingleView.swift in Sources */ = {isa = PBXBuildFile; fileRef = 879492C428ACADEC00C6B1A0 /* PhoneSingleView.swift */; };
		879FF78328ACC3100066F2BE /* ChangeMaker.swift in Sources */ = {isa = PBXBuildFile; fileRef = 879FF78228ACC3100066F2BE /* ChangeMaker.swift */; };
		879FF78C28ACCDB70066F2BE /* PhoneDetailView.swift in Sources */ = {isa = PBXBuildFile; fileRef = 879FF78B28ACCDB70066F2BE /* PhoneDetailView.swift */; };
		87A2C3B228B8371800EB5A43 /* WebView.swift in Sources */ = {isa = PBXBuildFile; fileRef = 87A2C3B128B8371800EB5A43 /* WebView.swift */; };
		87ABE8FC2970C3DB009953A3 /* CoinsGroupView.swift in Sources */ = {isa = PBXBuildFile; fileRef = 87ABE8FB2970C3DB009953A3 /* CoinsGroupView.swift */; };
		87ABE8FF2970C432009953A3 /* BillsGroupView.swift in Sources */ = {isa = PBXBuildFile; fileRef = 87ABE8FE2970C432009953A3 /* BillsGroupView.swift */; };
		87ABE9022970C484009953A3 /* RollsGroupView.swift in Sources */ = {isa = PBXBuildFile; fileRef = 87ABE9012970C484009953A3 /* RollsGroupView.swift */; };
		87ABE91029711ABC009953A3 /* FloatInfoView.swift in Sources */ = {isa = PBXBuildFile; fileRef = 87ABE90F29711ABC009953A3 /* FloatInfoView.swift */; };
		87ABE91929720668009953A3 /* PrintQueryModel.swift in Sources */ = {isa = PBXBuildFile; fileRef = 87ABE91829720668009953A3 /* PrintQueryModel.swift */; };
		87ABE91B297206C0009953A3 /* FloatModel.swift in Sources */ = {isa = PBXBuildFile; fileRef = 87ABE91A297206C0009953A3 /* FloatModel.swift */; };
		87ABE91F29735CFD009953A3 /* ImageSelectionView.swift in Sources */ = {isa = PBXBuildFile; fileRef = 87ABE91E29735CFD009953A3 /* ImageSelectionView.swift */; };
		87ABE9222978C73B009953A3 /* PadKeyboardView.swift in Sources */ = {isa = PBXBuildFile; fileRef = 87ABE9212978C73B009953A3 /* PadKeyboardView.swift */; };
		87ABE9252978DD1E009953A3 /* PadEntryCell.swift in Sources */ = {isa = PBXBuildFile; fileRef = 87ABE9242978DD1E009953A3 /* PadEntryCell.swift */; };
		87ABE9272978EB54009953A3 /* ContentViewModel.swift in Sources */ = {isa = PBXBuildFile; fileRef = 87ABE9262978EB54009953A3 /* ContentViewModel.swift */; };
		87ABE9292978ECAE009953A3 /* PadEntryView.swift in Sources */ = {isa = PBXBuildFile; fileRef = 87ABE9282978ECAE009953A3 /* PadEntryView.swift */; };
		87ABE92B2978EF18009953A3 /* PhoneEntryView.swift in Sources */ = {isa = PBXBuildFile; fileRef = 87ABE92A2978EF18009953A3 /* PhoneEntryView.swift */; };
		87BAE11D28ADDB4D00D6B0FE /* SettingsView.swift in Sources */ = {isa = PBXBuildFile; fileRef = 87BAE11C28ADDB4D00D6B0FE /* SettingsView.swift */; };
		87BAE12028ADDF5E00D6B0FE /* ViewModifiers.swift in Sources */ = {isa = PBXBuildFile; fileRef = 87BAE11F28ADDF5E00D6B0FE /* ViewModifiers.swift */; };
		87D8D07A296CE28500FE9B9E /* PrintManager.swift in Sources */ = {isa = PBXBuildFile; fileRef = 87D8D079296CE28500FE9B9E /* PrintManager.swift */; };
		87D8D07E296CE29600FE9B9E /* StarIO10 in Frameworks */ = {isa = PBXBuildFile; productRef = 87D8D07D296CE29600FE9B9E /* StarIO10 */; };
		87D8D080296D15E300FE9B9E /* PrintView.swift in Sources */ = {isa = PBXBuildFile; fileRef = 87D8D07F296D15E300FE9B9E /* PrintView.swift */; };
		87D8D08B296F701B00FE9B9E /* PhoneEntryCell.swift in Sources */ = {isa = PBXBuildFile; fileRef = 87D8D08A296F701B00FE9B9E /* PhoneEntryCell.swift */; };
		87D8D08E296F724300FE9B9E /* PadDualView.swift in Sources */ = {isa = PBXBuildFile; fileRef = 87D8D08D296F724300FE9B9E /* PadDualView.swift */; };
		87D8D091296F814900FE9B9E /* PadDetailView.swift in Sources */ = {isa = PBXBuildFile; fileRef = 87D8D090296F814900FE9B9E /* PadDetailView.swift */; };
		87D8D094296F8B6800FE9B9E /* DisplayPadCellView.swift in Sources */ = {isa = PBXBuildFile; fileRef = 87D8D093296F8B6800FE9B9E /* DisplayPadCellView.swift */; };
/* End PBXBuildFile section */

/* Begin PBXFileReference section */
		876D0DD4296FB446008DCB09 /* DisplayPhoneCellView.swift */ = {isa = PBXFileReference; lastKnownFileType = sourcecode.swift; path = DisplayPhoneCellView.swift; sourceTree = "<group>"; };
		876D0DD7296FC851008DCB09 /* CoreDataManager.swift */ = {isa = PBXFileReference; lastKnownFileType = sourcecode.swift; path = CoreDataManager.swift; sourceTree = "<group>"; };
		876D0DDB296FC909008DCB09 /* FloatStorage.xcdatamodel */ = {isa = PBXFileReference; lastKnownFileType = wrapper.xcdatamodel; path = FloatStorage.xcdatamodel; sourceTree = "<group>"; };
		876D0DDE296FD519008DCB09 /* ListView.swift */ = {isa = PBXFileReference; lastKnownFileType = sourcecode.swift; path = ListView.swift; sourceTree = "<group>"; };
		87735EB128ADEE2300B06250 /* CoinsSectionView.swift */ = {isa = PBXFileReference; lastKnownFileType = sourcecode.swift; path = CoinsSectionView.swift; sourceTree = "<group>"; };
		87735EB428ADEE7700B06250 /* BillsSectionView.swift */ = {isa = PBXFileReference; lastKnownFileType = sourcecode.swift; path = BillsSectionView.swift; sourceTree = "<group>"; };
		87735EB728ADEE8100B06250 /* RollsSectionView.swift */ = {isa = PBXFileReference; lastKnownFileType = sourcecode.swift; path = RollsSectionView.swift; sourceTree = "<group>"; };
		87754EC9296BDD1100B8B5FD /* Extensions.swift */ = {isa = PBXFileReference; lastKnownFileType = sourcecode.swift; path = Extensions.swift; sourceTree = "<group>"; };
		87754ECC296BE24F00B8B5FD /* CashModel.swift */ = {isa = PBXFileReference; lastKnownFileType = sourcecode.swift; path = CashModel.swift; sourceTree = "<group>"; };
		879492A328AC993700C6B1A0 /* FloatCreatorApp.swift */ = {isa = PBXFileReference; lastKnownFileType = sourcecode.swift; path = FloatCreatorApp.swift; sourceTree = "<group>"; };
		879492A428AC993700C6B1A0 /* ContentView.swift */ = {isa = PBXFileReference; lastKnownFileType = sourcecode.swift; path = ContentView.swift; sourceTree = "<group>"; };
		879492A528AC993900C6B1A0 /* Assets.xcassets */ = {isa = PBXFileReference; lastKnownFileType = folder.assetcatalog; path = Assets.xcassets; sourceTree = "<group>"; };
		879492AA28AC993900C6B1A0 /* FloatCreator.app */ = {isa = PBXFileReference; explicitFileType = wrapper.application; includeInIndex = 0; path = FloatCreator.app; sourceTree = BUILT_PRODUCTS_DIR; };
		879492C428ACADEC00C6B1A0 /* PhoneSingleView.swift */ = {isa = PBXFileReference; lastKnownFileType = sourcecode.swift; path = PhoneSingleView.swift; sourceTree = "<group>"; };
		879FF78228ACC3100066F2BE /* ChangeMaker.swift */ = {isa = PBXFileReference; lastKnownFileType = sourcecode.swift; path = ChangeMaker.swift; sourceTree = "<group>"; };
		879FF78B28ACCDB70066F2BE /* PhoneDetailView.swift */ = {isa = PBXFileReference; lastKnownFileType = sourcecode.swift; path = PhoneDetailView.swift; sourceTree = "<group>"; };
		87A2C3B128B8371800EB5A43 /* WebView.swift */ = {isa = PBXFileReference; lastKnownFileType = sourcecode.swift; path = WebView.swift; sourceTree = "<group>"; };
		87ABE8FB2970C3DB009953A3 /* CoinsGroupView.swift */ = {isa = PBXFileReference; lastKnownFileType = sourcecode.swift; path = CoinsGroupView.swift; sourceTree = "<group>"; };
		87ABE8FE2970C432009953A3 /* BillsGroupView.swift */ = {isa = PBXFileReference; lastKnownFileType = sourcecode.swift; path = BillsGroupView.swift; sourceTree = "<group>"; };
		87ABE9012970C484009953A3 /* RollsGroupView.swift */ = {isa = PBXFileReference; lastKnownFileType = sourcecode.swift; path = RollsGroupView.swift; sourceTree = "<group>"; };
		87ABE90F29711ABC009953A3 /* FloatInfoView.swift */ = {isa = PBXFileReference; lastKnownFileType = sourcecode.swift; path = FloatInfoView.swift; sourceTree = "<group>"; };
		87ABE91829720668009953A3 /* PrintQueryModel.swift */ = {isa = PBXFileReference; lastKnownFileType = sourcecode.swift; path = PrintQueryModel.swift; sourceTree = "<group>"; };
		87ABE91A297206C0009953A3 /* FloatModel.swift */ = {isa = PBXFileReference; lastKnownFileType = sourcecode.swift; path = FloatModel.swift; sourceTree = "<group>"; };
		87ABE91E29735CFD009953A3 /* ImageSelectionView.swift */ = {isa = PBXFileReference; lastKnownFileType = sourcecode.swift; path = ImageSelectionView.swift; sourceTree = "<group>"; };
		87ABE9212978C73B009953A3 /* PadKeyboardView.swift */ = {isa = PBXFileReference; lastKnownFileType = sourcecode.swift; path = PadKeyboardView.swift; sourceTree = "<group>"; };
		87ABE9242978DD1E009953A3 /* PadEntryCell.swift */ = {isa = PBXFileReference; lastKnownFileType = sourcecode.swift; path = PadEntryCell.swift; sourceTree = "<group>"; };
		87ABE9262978EB54009953A3 /* ContentViewModel.swift */ = {isa = PBXFileReference; lastKnownFileType = sourcecode.swift; path = ContentViewModel.swift; sourceTree = "<group>"; };
		87ABE9282978ECAE009953A3 /* PadEntryView.swift */ = {isa = PBXFileReference; lastKnownFileType = sourcecode.swift; path = PadEntryView.swift; sourceTree = "<group>"; };
		87ABE92A2978EF18009953A3 /* PhoneEntryView.swift */ = {isa = PBXFileReference; lastKnownFileType = sourcecode.swift; path = PhoneEntryView.swift; sourceTree = "<group>"; };
		87BAE11C28ADDB4D00D6B0FE /* SettingsView.swift */ = {isa = PBXFileReference; lastKnownFileType = sourcecode.swift; path = SettingsView.swift; sourceTree = "<group>"; };
		87BAE11F28ADDF5E00D6B0FE /* ViewModifiers.swift */ = {isa = PBXFileReference; lastKnownFileType = sourcecode.swift; path = ViewModifiers.swift; sourceTree = "<group>"; };
		87D8D079296CE28500FE9B9E /* PrintManager.swift */ = {isa = PBXFileReference; lastKnownFileType = sourcecode.swift; path = PrintManager.swift; sourceTree = "<group>"; };
		87D8D07F296D15E300FE9B9E /* PrintView.swift */ = {isa = PBXFileReference; lastKnownFileType = sourcecode.swift; path = PrintView.swift; sourceTree = "<group>"; };
		87D8D08A296F701B00FE9B9E /* PhoneEntryCell.swift */ = {isa = PBXFileReference; lastKnownFileType = sourcecode.swift; path = PhoneEntryCell.swift; sourceTree = "<group>"; };
		87D8D08D296F724300FE9B9E /* PadDualView.swift */ = {isa = PBXFileReference; lastKnownFileType = sourcecode.swift; path = PadDualView.swift; sourceTree = "<group>"; };
		87D8D090296F814900FE9B9E /* PadDetailView.swift */ = {isa = PBXFileReference; lastKnownFileType = sourcecode.swift; path = PadDetailView.swift; sourceTree = "<group>"; };
		87D8D093296F8B6800FE9B9E /* DisplayPadCellView.swift */ = {isa = PBXFileReference; lastKnownFileType = sourcecode.swift; path = DisplayPadCellView.swift; sourceTree = "<group>"; };
/* End PBXFileReference section */

/* Begin PBXFrameworksBuildPhase section */
		879492A728AC993900C6B1A0 /* Frameworks */ = {
			isa = PBXFrameworksBuildPhase;
			buildActionMask = 2147483647;
			files = (
				87D8D07E296CE29600FE9B9E /* StarIO10 in Frameworks */,
			);
			runOnlyForDeploymentPostprocessing = 0;
		};
/* End PBXFrameworksBuildPhase section */

/* Begin PBXGroup section */
		87735EBA28ADEFF000B06250 /* Views */ = {
			isa = PBXGroup;
			children = (
				87ABE90F29711ABC009953A3 /* FloatInfoView.swift */,
				87D8D07F296D15E300FE9B9E /* PrintView.swift */,
				876D0DDE296FD519008DCB09 /* ListView.swift */,
				87ABE92C29790B82009953A3 /* ContentView */,
				87ABE92029736665009953A3 /* Settings */,
				87D8D089296F6E2600FE9B9E /* iPad */,
				87D8D088296F6E1B00FE9B9E /* iPhone */,
			);
			path = Views;
			sourceTree = "<group>";
		};
		87735EBD28ADF03C00B06250 /* Modifiers */ = {
			isa = PBXGroup;
			children = (
				87BAE11F28ADDF5E00D6B0FE /* ViewModifiers.swift */,
			);
			path = Modifiers;
			sourceTree = "<group>";
		};
		87735EBE28ADF04500B06250 /* Services */ = {
			isa = PBXGroup;
			children = (
				879FF78228ACC3100066F2BE /* ChangeMaker.swift */,
				87D8D079296CE28500FE9B9E /* PrintManager.swift */,
				876D0DD7296FC851008DCB09 /* CoreDataManager.swift */,
				87754EC9296BDD1100B8B5FD /* Extensions.swift */,
			);
			path = Services;
			sourceTree = "<group>";
		};
		8794929D28AC993700C6B1A0 = {
			isa = PBXGroup;
			children = (
				879492A228AC993700C6B1A0 /* FloatCreator */,
				879492AB28AC993900C6B1A0 /* Products */,
			);
			sourceTree = "<group>";
		};
		879492A228AC993700C6B1A0 /* FloatCreator */ = {
			isa = PBXGroup;
			children = (
				879492A328AC993700C6B1A0 /* FloatCreatorApp.swift */,
				87735EBA28ADEFF000B06250 /* Views */,
				87735EBE28ADF04500B06250 /* Services */,
				87735EBD28ADF03C00B06250 /* Modifiers */,
				87ABE9172972064E009953A3 /* Models */,
				879492A528AC993900C6B1A0 /* Assets.xcassets */,
			);
			path = FloatCreator;
			sourceTree = "<group>";
		};
		879492AB28AC993900C6B1A0 /* Products */ = {
			isa = PBXGroup;
			children = (
				879492AA28AC993900C6B1A0 /* FloatCreator.app */,
			);
			name = Products;
			sourceTree = "<group>";
		};
		87ABE91529712A8D009953A3 /* Components */ = {
			isa = PBXGroup;
			children = (
				87D8D08A296F701B00FE9B9E /* PhoneEntryCell.swift */,
				876D0DD4296FB446008DCB09 /* DisplayPhoneCellView.swift */,
				87735EB128ADEE2300B06250 /* CoinsSectionView.swift */,
				87735EB428ADEE7700B06250 /* BillsSectionView.swift */,
				87735EB728ADEE8100B06250 /* RollsSectionView.swift */,
			);
			path = Components;
			sourceTree = "<group>";
		};
		87ABE9162971300E009953A3 /* Components */ = {
			isa = PBXGroup;
			children = (
				87ABE9242978DD1E009953A3 /* PadEntryCell.swift */,
				87D8D093296F8B6800FE9B9E /* DisplayPadCellView.swift */,
				87ABE8FB2970C3DB009953A3 /* CoinsGroupView.swift */,
				87ABE9012970C484009953A3 /* RollsGroupView.swift */,
				87ABE8FE2970C432009953A3 /* BillsGroupView.swift */,
			);
			path = Components;
			sourceTree = "<group>";
		};
		87ABE9172972064E009953A3 /* Models */ = {
			isa = PBXGroup;
			children = (
				876D0DDA296FC909008DCB09 /* FloatStorage.xcdatamodeld */,
				87754ECC296BE24F00B8B5FD /* CashModel.swift */,
				87ABE91A297206C0009953A3 /* FloatModel.swift */,
				87ABE91829720668009953A3 /* PrintQueryModel.swift */,
			);
			path = Models;
			sourceTree = "<group>";
		};
		87ABE92029736665009953A3 /* Settings */ = {
			isa = PBXGroup;
			children = (
				87A2C3B128B8371800EB5A43 /* WebView.swift */,
				87BAE11C28ADDB4D00D6B0FE /* SettingsView.swift */,
				87ABE91E29735CFD009953A3 /* ImageSelectionView.swift */,
			);
			path = Settings;
			sourceTree = "<group>";
		};
		87ABE9232978DCFE009953A3 /* Keyboard */ = {
			isa = PBXGroup;
			children = (
				87ABE9212978C73B009953A3 /* PadKeyboardView.swift */,
			);
			path = Keyboard;
			sourceTree = "<group>";
		};
		87ABE92C29790B82009953A3 /* ContentView */ = {
			isa = PBXGroup;
			children = (
				879492A428AC993700C6B1A0 /* ContentView.swift */,
				87ABE9262978EB54009953A3 /* ContentViewModel.swift */,
			);
			path = ContentView;
			sourceTree = "<group>";
		};
		87D8D088296F6E1B00FE9B9E /* iPhone */ = {
			isa = PBXGroup;
			children = (
				87ABE92A2978EF18009953A3 /* PhoneEntryView.swift */,
				879492C428ACADEC00C6B1A0 /* PhoneSingleView.swift */,
				879FF78B28ACCDB70066F2BE /* PhoneDetailView.swift */,
				87ABE91529712A8D009953A3 /* Components */,
			);
			path = iPhone;
			sourceTree = "<group>";
		};
		87D8D089296F6E2600FE9B9E /* iPad */ = {
			isa = PBXGroup;
			children = (
				87ABE9282978ECAE009953A3 /* PadEntryView.swift */,
				87D8D08D296F724300FE9B9E /* PadDualView.swift */,
				87D8D090296F814900FE9B9E /* PadDetailView.swift */,
				87ABE9232978DCFE009953A3 /* Keyboard */,
				87ABE9162971300E009953A3 /* Components */,
			);
			path = iPad;
			sourceTree = "<group>";
		};
/* End PBXGroup section */

/* Begin PBXNativeTarget section */
		879492A928AC993900C6B1A0 /* FloatCreator (iOS) */ = {
			isa = PBXNativeTarget;
			buildConfigurationList = 879492BB28AC993900C6B1A0 /* Build configuration list for PBXNativeTarget "FloatCreator (iOS)" */;
			buildPhases = (
				879492A628AC993900C6B1A0 /* Sources */,
				879492A728AC993900C6B1A0 /* Frameworks */,
				879492A828AC993900C6B1A0 /* Resources */,
			);
			buildRules = (
			);
			dependencies = (
			);
			name = "FloatCreator (iOS)";
			packageProductDependencies = (
				87D8D07D296CE29600FE9B9E /* StarIO10 */,
			);
			productName = "FloatCreator (iOS)";
			productReference = 879492AA28AC993900C6B1A0 /* FloatCreator.app */;
			productType = "com.apple.product-type.application";
		};
/* End PBXNativeTarget section */

/* Begin PBXProject section */
		8794929E28AC993700C6B1A0 /* Project object */ = {
			isa = PBXProject;
			attributes = {
				BuildIndependentTargetsInParallel = 1;
				LastSwiftUpdateCheck = 1340;
				LastUpgradeCheck = 1400;
				TargetAttributes = {
					879492A928AC993900C6B1A0 = {
						CreatedOnToolsVersion = 13.4.1;
					};
				};
			};
			buildConfigurationList = 879492A128AC993700C6B1A0 /* Build configuration list for PBXProject "FloatCreator" */;
			compatibilityVersion = "Xcode 13.0";
			developmentRegion = en;
			hasScannedForEncodings = 0;
			knownRegions = (
				en,
				Base,
			);
			mainGroup = 8794929D28AC993700C6B1A0;
			packageReferences = (
				87D8D07C296CE29600FE9B9E /* XCRemoteSwiftPackageReference "StarXpand-SDK-iOS" */,
			);
			productRefGroup = 879492AB28AC993900C6B1A0 /* Products */;
			projectDirPath = "";
			projectRoot = "";
			targets = (
				879492A928AC993900C6B1A0 /* FloatCreator (iOS) */,
			);
		};
/* End PBXProject section */

/* Begin PBXResourcesBuildPhase section */
		879492A828AC993900C6B1A0 /* Resources */ = {
			isa = PBXResourcesBuildPhase;
			buildActionMask = 2147483647;
			files = (
				879492B728AC993900C6B1A0 /* Assets.xcassets in Resources */,
			);
			runOnlyForDeploymentPostprocessing = 0;
		};
/* End PBXResourcesBuildPhase section */

/* Begin PBXSourcesBuildPhase section */
		879492A628AC993900C6B1A0 /* Sources */ = {
			isa = PBXSourcesBuildPhase;
			buildActionMask = 2147483647;
			files = (
				87ABE8FC2970C3DB009953A3 /* CoinsGroupView.swift in Sources */,
				87ABE9292978ECAE009953A3 /* PadEntryView.swift in Sources */,
				87BAE11D28ADDB4D00D6B0FE /* SettingsView.swift in Sources */,
				87735EB528ADEE7800B06250 /* BillsSectionView.swift in Sources */,
				87D8D080296D15E300FE9B9E /* PrintView.swift in Sources */,
				87ABE9022970C484009953A3 /* RollsGroupView.swift in Sources */,
				87ABE92B2978EF18009953A3 /* PhoneEntryView.swift in Sources */,
				879492C528ACADEC00C6B1A0 /* PhoneSingleView.swift in Sources */,
				879FF78C28ACCDB70066F2BE /* PhoneDetailView.swift in Sources */,
				87BAE12028ADDF5E00D6B0FE /* ViewModifiers.swift in Sources */,
				879492B528AC993900C6B1A0 /* ContentView.swift in Sources */,
				87ABE8FF2970C432009953A3 /* BillsGroupView.swift in Sources */,
				876D0DDF296FD519008DCB09 /* ListView.swift in Sources */,
				87754ECD296BE24F00B8B5FD /* CashModel.swift in Sources */,
				87735EB828ADEE8100B06250 /* RollsSectionView.swift in Sources */,
				87ABE91029711ABC009953A3 /* FloatInfoView.swift in Sources */,
				876D0DDC296FC909008DCB09 /* FloatStorage.xcdatamodeld in Sources */,
				876D0DD8296FC851008DCB09 /* CoreDataManager.swift in Sources */,
				87D8D094296F8B6800FE9B9E /* DisplayPadCellView.swift in Sources */,
				87ABE9222978C73B009953A3 /* PadKeyboardView.swift in Sources */,
				87754ECA296BDD1100B8B5FD /* Extensions.swift in Sources */,
				87D8D08B296F701B00FE9B9E /* PhoneEntryCell.swift in Sources */,
				87ABE9272978EB54009953A3 /* ContentViewModel.swift in Sources */,
				87ABE9252978DD1E009953A3 /* PadEntryCell.swift in Sources */,
				87ABE91B297206C0009953A3 /* FloatModel.swift in Sources */,
				87ABE91F29735CFD009953A3 /* ImageSelectionView.swift in Sources */,
				879492B328AC993900C6B1A0 /* FloatCreatorApp.swift in Sources */,
				87A2C3B228B8371800EB5A43 /* WebView.swift in Sources */,
				879FF78328ACC3100066F2BE /* ChangeMaker.swift in Sources */,
				87D8D091296F814900FE9B9E /* PadDetailView.swift in Sources */,
				87D8D08E296F724300FE9B9E /* PadDualView.swift in Sources */,
				87ABE91929720668009953A3 /* PrintQueryModel.swift in Sources */,
				87735EB228ADEE2300B06250 /* CoinsSectionView.swift in Sources */,
				876D0DD5296FB446008DCB09 /* DisplayPhoneCellView.swift in Sources */,
				87D8D07A296CE28500FE9B9E /* PrintManager.swift in Sources */,
			);
			runOnlyForDeploymentPostprocessing = 0;
		};
/* End PBXSourcesBuildPhase section */

/* Begin XCBuildConfiguration section */
		879492B928AC993900C6B1A0 /* Debug */ = {
			isa = XCBuildConfiguration;
			buildSettings = {
				ALWAYS_SEARCH_USER_PATHS = NO;
				CLANG_ANALYZER_NONNULL = YES;
				CLANG_ANALYZER_NUMBER_OBJECT_CONVERSION = YES_AGGRESSIVE;
				CLANG_CXX_LANGUAGE_STANDARD = "gnu++17";
				CLANG_ENABLE_MODULES = YES;
				CLANG_ENABLE_OBJC_ARC = YES;
				CLANG_ENABLE_OBJC_WEAK = YES;
				CLANG_WARN_BLOCK_CAPTURE_AUTORELEASING = YES;
				CLANG_WARN_BOOL_CONVERSION = YES;
				CLANG_WARN_COMMA = YES;
				CLANG_WARN_CONSTANT_CONVERSION = YES;
				CLANG_WARN_DEPRECATED_OBJC_IMPLEMENTATIONS = YES;
				CLANG_WARN_DIRECT_OBJC_ISA_USAGE = YES_ERROR;
				CLANG_WARN_DOCUMENTATION_COMMENTS = YES;
				CLANG_WARN_EMPTY_BODY = YES;
				CLANG_WARN_ENUM_CONVERSION = YES;
				CLANG_WARN_INFINITE_RECURSION = YES;
				CLANG_WARN_INT_CONVERSION = YES;
				CLANG_WARN_NON_LITERAL_NULL_CONVERSION = YES;
				CLANG_WARN_OBJC_IMPLICIT_RETAIN_SELF = YES;
				CLANG_WARN_OBJC_LITERAL_CONVERSION = YES;
				CLANG_WARN_OBJC_ROOT_CLASS = YES_ERROR;
				CLANG_WARN_QUOTED_INCLUDE_IN_FRAMEWORK_HEADER = YES;
				CLANG_WARN_RANGE_LOOP_ANALYSIS = YES;
				CLANG_WARN_STRICT_PROTOTYPES = YES;
				CLANG_WARN_SUSPICIOUS_MOVE = YES;
				CLANG_WARN_UNGUARDED_AVAILABILITY = YES_AGGRESSIVE;
				CLANG_WARN_UNREACHABLE_CODE = YES;
				CLANG_WARN__DUPLICATE_METHOD_MATCH = YES;
				COPY_PHASE_STRIP = NO;
				DEAD_CODE_STRIPPING = YES;
				DEBUG_INFORMATION_FORMAT = dwarf;
				ENABLE_STRICT_OBJC_MSGSEND = YES;
				ENABLE_TESTABILITY = YES;
				GCC_C_LANGUAGE_STANDARD = gnu11;
				GCC_DYNAMIC_NO_PIC = NO;
				GCC_NO_COMMON_BLOCKS = YES;
				GCC_OPTIMIZATION_LEVEL = 0;
				GCC_PREPROCESSOR_DEFINITIONS = (
					"DEBUG=1",
					"$(inherited)",
				);
				GCC_WARN_64_TO_32_BIT_CONVERSION = YES;
				GCC_WARN_ABOUT_RETURN_TYPE = YES_ERROR;
				GCC_WARN_UNDECLARED_SELECTOR = YES;
				GCC_WARN_UNINITIALIZED_AUTOS = YES_AGGRESSIVE;
				GCC_WARN_UNUSED_FUNCTION = YES;
				GCC_WARN_UNUSED_VARIABLE = YES;
				MTL_ENABLE_DEBUG_INFO = INCLUDE_SOURCE;
				MTL_FAST_MATH = YES;
				ONLY_ACTIVE_ARCH = YES;
				SWIFT_ACTIVE_COMPILATION_CONDITIONS = DEBUG;
				SWIFT_OPTIMIZATION_LEVEL = "-Onone";
			};
			name = Debug;
		};
		879492BA28AC993900C6B1A0 /* Release */ = {
			isa = XCBuildConfiguration;
			buildSettings = {
				ALWAYS_SEARCH_USER_PATHS = NO;
				CLANG_ANALYZER_NONNULL = YES;
				CLANG_ANALYZER_NUMBER_OBJECT_CONVERSION = YES_AGGRESSIVE;
				CLANG_CXX_LANGUAGE_STANDARD = "gnu++17";
				CLANG_ENABLE_MODULES = YES;
				CLANG_ENABLE_OBJC_ARC = YES;
				CLANG_ENABLE_OBJC_WEAK = YES;
				CLANG_WARN_BLOCK_CAPTURE_AUTORELEASING = YES;
				CLANG_WARN_BOOL_CONVERSION = YES;
				CLANG_WARN_COMMA = YES;
				CLANG_WARN_CONSTANT_CONVERSION = YES;
				CLANG_WARN_DEPRECATED_OBJC_IMPLEMENTATIONS = YES;
				CLANG_WARN_DIRECT_OBJC_ISA_USAGE = YES_ERROR;
				CLANG_WARN_DOCUMENTATION_COMMENTS = YES;
				CLANG_WARN_EMPTY_BODY = YES;
				CLANG_WARN_ENUM_CONVERSION = YES;
				CLANG_WARN_INFINITE_RECURSION = YES;
				CLANG_WARN_INT_CONVERSION = YES;
				CLANG_WARN_NON_LITERAL_NULL_CONVERSION = YES;
				CLANG_WARN_OBJC_IMPLICIT_RETAIN_SELF = YES;
				CLANG_WARN_OBJC_LITERAL_CONVERSION = YES;
				CLANG_WARN_OBJC_ROOT_CLASS = YES_ERROR;
				CLANG_WARN_QUOTED_INCLUDE_IN_FRAMEWORK_HEADER = YES;
				CLANG_WARN_RANGE_LOOP_ANALYSIS = YES;
				CLANG_WARN_STRICT_PROTOTYPES = YES;
				CLANG_WARN_SUSPICIOUS_MOVE = YES;
				CLANG_WARN_UNGUARDED_AVAILABILITY = YES_AGGRESSIVE;
				CLANG_WARN_UNREACHABLE_CODE = YES;
				CLANG_WARN__DUPLICATE_METHOD_MATCH = YES;
				COPY_PHASE_STRIP = NO;
				DEAD_CODE_STRIPPING = YES;
				DEBUG_INFORMATION_FORMAT = "dwarf-with-dsym";
				ENABLE_NS_ASSERTIONS = NO;
				ENABLE_STRICT_OBJC_MSGSEND = YES;
				GCC_C_LANGUAGE_STANDARD = gnu11;
				GCC_NO_COMMON_BLOCKS = YES;
				GCC_WARN_64_TO_32_BIT_CONVERSION = YES;
				GCC_WARN_ABOUT_RETURN_TYPE = YES_ERROR;
				GCC_WARN_UNDECLARED_SELECTOR = YES;
				GCC_WARN_UNINITIALIZED_AUTOS = YES_AGGRESSIVE;
				GCC_WARN_UNUSED_FUNCTION = YES;
				GCC_WARN_UNUSED_VARIABLE = YES;
				MTL_ENABLE_DEBUG_INFO = NO;
				MTL_FAST_MATH = YES;
				SWIFT_COMPILATION_MODE = wholemodule;
				SWIFT_OPTIMIZATION_LEVEL = "-O";
			};
			name = Release;
		};
		879492BC28AC993900C6B1A0 /* Debug */ = {
			isa = XCBuildConfiguration;
			buildSettings = {
				ASSETCATALOG_COMPILER_APPICON_NAME = AppIcon;
				ASSETCATALOG_COMPILER_GLOBAL_ACCENT_COLOR_NAME = AccentColor;
				CODE_SIGN_STYLE = Automatic;
				CURRENT_PROJECT_VERSION = 1;
				DEVELOPMENT_TEAM = 8P84J9SURU;
				ENABLE_PREVIEWS = YES;
				GENERATE_INFOPLIST_FILE = YES;
				INFOPLIST_FILE = "FloatCreator--iOS--Info.plist";
				INFOPLIST_KEY_CFBundleDisplayName = Float;
				INFOPLIST_KEY_LSApplicationCategoryType = "public.app-category.utilities";
				INFOPLIST_KEY_NSBluetoothAlwaysUsageDescription = "Use Bluetooth to connect to wireless printer.";
				INFOPLIST_KEY_NSBluetoothPeripheralUsageDescription = "Use Bluetooth to connect to wireless printer.";
				INFOPLIST_KEY_NSLocalNetworkUsageDescription = "Use the Local Network to connect to printers.";
				INFOPLIST_KEY_UIApplicationSceneManifest_Generation = YES;
				INFOPLIST_KEY_UIApplicationSupportsIndirectInputEvents = YES;
				INFOPLIST_KEY_UILaunchScreen_Generation = YES;
				INFOPLIST_KEY_UIStatusBarStyle = "";
				INFOPLIST_KEY_UISupportedInterfaceOrientations = UIInterfaceOrientationPortrait;
				INFOPLIST_KEY_UISupportedInterfaceOrientations_iPad = "UIInterfaceOrientationLandscapeLeft UIInterfaceOrientationLandscapeRight";
				IPHONEOS_DEPLOYMENT_TARGET = 16.0;
				LD_RUNPATH_SEARCH_PATHS = (
					"$(inherited)",
					"@executable_path/Frameworks",
				);
				MARKETING_VERSION = 1.0;
				PRODUCT_BUNDLE_IDENTIFIER = com.calebmarquart.FloatCreator;
				PRODUCT_NAME = FloatCreator;
				SDKROOT = iphoneos;
				SUPPORTED_PLATFORMS = "iphoneos iphonesimulator";
				SUPPORTS_MACCATALYST = NO;
				SUPPORTS_MAC_DESIGNED_FOR_IPHONE_IPAD = NO;
				SWIFT_EMIT_LOC_STRINGS = YES;
				SWIFT_VERSION = 5.0;
				TARGETED_DEVICE_FAMILY = "1,2";
			};
			name = Debug;
		};
		879492BD28AC993900C6B1A0 /* Release */ = {
			isa = XCBuildConfiguration;
			buildSettings = {
				ASSETCATALOG_COMPILER_APPICON_NAME = AppIcon;
				ASSETCATALOG_COMPILER_GLOBAL_ACCENT_COLOR_NAME = AccentColor;
				CODE_SIGN_STYLE = Automatic;
				CURRENT_PROJECT_VERSION = 1;
				DEVELOPMENT_TEAM = 8P84J9SURU;
				ENABLE_PREVIEWS = YES;
				GENERATE_INFOPLIST_FILE = YES;
				INFOPLIST_FILE = "FloatCreator--iOS--Info.plist";
				INFOPLIST_KEY_CFBundleDisplayName = Float;
				INFOPLIST_KEY_LSApplicationCategoryType = "public.app-category.utilities";
				INFOPLIST_KEY_NSBluetoothAlwaysUsageDescription = "Use Bluetooth to connect to wireless printer.";
				INFOPLIST_KEY_NSBluetoothPeripheralUsageDescription = "Use Bluetooth to connect to wireless printer.";
				INFOPLIST_KEY_NSLocalNetworkUsageDescription = "Use the Local Network to connect to printers.";
				INFOPLIST_KEY_UIApplicationSceneManifest_Generation = YES;
				INFOPLIST_KEY_UIApplicationSupportsIndirectInputEvents = YES;
				INFOPLIST_KEY_UILaunchScreen_Generation = YES;
				INFOPLIST_KEY_UIStatusBarStyle = "";
				INFOPLIST_KEY_UISupportedInterfaceOrientations = UIInterfaceOrientationPortrait;
				INFOPLIST_KEY_UISupportedInterfaceOrientations_iPad = "UIInterfaceOrientationLandscapeLeft UIInterfaceOrientationLandscapeRight";
				IPHONEOS_DEPLOYMENT_TARGET = 16.0;
				LD_RUNPATH_SEARCH_PATHS = (
					"$(inherited)",
					"@executable_path/Frameworks",
				);
				MARKETING_VERSION = 1.0;
				PRODUCT_BUNDLE_IDENTIFIER = com.calebmarquart.FloatCreator;
				PRODUCT_NAME = FloatCreator;
				SDKROOT = iphoneos;
				SUPPORTED_PLATFORMS = "iphoneos iphonesimulator";
				SUPPORTS_MACCATALYST = NO;
				SUPPORTS_MAC_DESIGNED_FOR_IPHONE_IPAD = NO;
				SWIFT_EMIT_LOC_STRINGS = YES;
				SWIFT_VERSION = 5.0;
				TARGETED_DEVICE_FAMILY = "1,2";
				VALIDATE_PRODUCT = YES;
			};
			name = Release;
		};
/* End XCBuildConfiguration section */

/* Begin XCConfigurationList section */
		879492A128AC993700C6B1A0 /* Build configuration list for PBXProject "FloatCreator" */ = {
			isa = XCConfigurationList;
			buildConfigurations = (
				879492B928AC993900C6B1A0 /* Debug */,
				879492BA28AC993900C6B1A0 /* Release */,
			);
			defaultConfigurationIsVisible = 0;
			defaultConfigurationName = Release;
		};
		879492BB28AC993900C6B1A0 /* Build configuration list for PBXNativeTarget "FloatCreator (iOS)" */ = {
			isa = XCConfigurationList;
			buildConfigurations = (
				879492BC28AC993900C6B1A0 /* Debug */,
				879492BD28AC993900C6B1A0 /* Release */,
			);
			defaultConfigurationIsVisible = 0;
			defaultConfigurationName = Release;
		};
/* End XCConfigurationList section */

/* Begin XCRemoteSwiftPackageReference section */
		87D8D07C296CE29600FE9B9E /* XCRemoteSwiftPackageReference "StarXpand-SDK-iOS" */ = {
			isa = XCRemoteSwiftPackageReference;
			repositoryURL = "https://github.com/star-micronics/StarXpand-SDK-iOS";
			requirement = {
				kind = upToNextMajorVersion;
				minimumVersion = 2.0.0;
			};
		};
/* End XCRemoteSwiftPackageReference section */

/* Begin XCSwiftPackageProductDependency section */
		87D8D07D296CE29600FE9B9E /* StarIO10 */ = {
			isa = XCSwiftPackageProductDependency;
			package = 87D8D07C296CE29600FE9B9E /* XCRemoteSwiftPackageReference "StarXpand-SDK-iOS" */;
			productName = StarIO10;
		};
/* End XCSwiftPackageProductDependency section */

/* Begin XCVersionGroup section */
		876D0DDA296FC909008DCB09 /* FloatStorage.xcdatamodeld */ = {
			isa = XCVersionGroup;
			children = (
				876D0DDB296FC909008DCB09 /* FloatStorage.xcdatamodel */,
			);
			currentVersion = 876D0DDB296FC909008DCB09 /* FloatStorage.xcdatamodel */;
			path = FloatStorage.xcdatamodeld;
			sourceTree = "<group>";
			versionGroupType = wrapper.xcdatamodel;
		};
/* End XCVersionGroup section */
	};
	rootObject = 8794929E28AC993700C6B1A0 /* Project object */;
}
